
Microsoft Visual Studio Solution File, Format Version 12.00
# Visual Studio Version 16
VisualStudioVersion = 16.0.32630.194
MinimumVisualStudioVersion = 10.0.40219.1
Project("{FAE04EC0-301F-11D3-BF4B-00C04F79EFBC}") = "WebApplication1", "WebApplication1\WebApplication1.csproj", "{0E50E951-4574-4407-8B5A-A27C62F4FB09}"
EndProject
Global
	GlobalSection(SolutionConfigurationPlatforms) = preSolution
		Debug|Any CPU = Debug|Any CPU
		Release|Any CPU = Release|Any CPU
	EndGlobalSection
	GlobalSection(ProjectConfigurationPlatforms) = postSolution
		{0E50E951-4574-4407-8B5A-A27C62F4FB09}.Debug|Any CPU.ActiveCfg = Debug|Any CPU
		{0E50E951-4574-4407-8B5A-A27C62F4FB09}.Debug|Any CPU.Build.0 = Debug|Any CPU
		{0E50E951-4574-4407-8B5A-A27C62F4FB09}.Release|Any CPU.ActiveCfg = Release|Any CPU
		{0E50E951-4574-4407-8B5A-A27C62F4FB09}.Release|Any CPU.Build.0 = Release|Any CPU
	EndGlobalSection
	GlobalSection(SolutionProperties) = preSolution
		HideSolutionNode = FALSE
	EndGlobalSection
	GlobalSection(ExtensibilityGlobals) = postSolution
		SolutionGuid = {C140E211-2A66-4380-9779-AB0CC80A6AC6}
	EndGlobalSection
EndGlobal
